// !$*UTF8*$!
{
	archiveVersion = 1;
	classes = {
	};
	objectVersion = 56;
	objects = {

/* Begin PBXBuildFile section */
		132760792B79E1EC005DF9E8 /* App.swift in Sources */ = {isa = PBXBuildFile; fileRef = 132760782B79E1EC005DF9E8 /* App.swift */; };
		1327607D2B79E1ED005DF9E8 /* Assets.xcassets in Resources */ = {isa = PBXBuildFile; fileRef = 1327607C2B79E1ED005DF9E8 /* Assets.xcassets */; };
		132760802B79E1ED005DF9E8 /* Preview Assets.xcassets in Resources */ = {isa = PBXBuildFile; fileRef = 1327607F2B79E1ED005DF9E8 /* Preview Assets.xcassets */; };
		1327608A2B79E6FC005DF9E8 /* BodyCaptureView.swift in Sources */ = {isa = PBXBuildFile; fileRef = 132760892B79E6FC005DF9E8 /* BodyCaptureView.swift */; };
		1327608C2B79EAC6005DF9E8 /* Activity.swift in Sources */ = {isa = PBXBuildFile; fileRef = 1327608B2B79EAC6005DF9E8 /* Activity.swift */; };
		1327608E2B79EF29005DF9E8 /* ARKitBridge.swift in Sources */ = {isa = PBXBuildFile; fileRef = 1327608D2B79EF29005DF9E8 /* ARKitBridge.swift */; };
		132760902B79F045005DF9E8 /* Localizable.xcstrings in Resources */ = {isa = PBXBuildFile; fileRef = 1327608F2B79F045005DF9E8 /* Localizable.xcstrings */; };
		132760952B79F278005DF9E8 /* BuildSettings.xcconfig in Resources */ = {isa = PBXBuildFile; fileRef = 132760942B79F278005DF9E8 /* BuildSettings.xcconfig */; };
		135205E72B95AE82008FC9CE /* ModelNavigation.swift in Sources */ = {isa = PBXBuildFile; fileRef = 135205E62B95AE82008FC9CE /* ModelNavigation.swift */; };
		135205E92B95B0E6008FC9CE /* monkey.scn in Resources */ = {isa = PBXBuildFile; fileRef = 135205E82B95B0E6008FC9CE /* monkey.scn */; };
		135205EB2B96B5B9008FC9CE /* SceneKitBridge.swift in Sources */ = {isa = PBXBuildFile; fileRef = 135205EA2B96B5B9008FC9CE /* SceneKitBridge.swift */; };
		135205EE2B96B9EC008FC9CE /* PageItem.swift in Sources */ = {isa = PBXBuildFile; fileRef = 135205ED2B96B9EC008FC9CE /* PageItem.swift */; };
		13BEB3452B79FDE30083BDD0 /* RootNavigation.swift in Sources */ = {isa = PBXBuildFile; fileRef = 13BEB3442B79FDE30083BDD0 /* RootNavigation.swift */; };
/* End PBXBuildFile section */

/* Begin PBXFileReference section */
		132760752B79E1EC005DF9E8 /* CaptureVision.app */ = {isa = PBXFileReference; explicitFileType = wrapper.application; includeInIndex = 0; path = CaptureVision.app; sourceTree = BUILT_PRODUCTS_DIR; };
		132760782B79E1EC005DF9E8 /* App.swift */ = {isa = PBXFileReference; lastKnownFileType = sourcecode.swift; path = App.swift; sourceTree = "<group>"; };
		1327607C2B79E1ED005DF9E8 /* Assets.xcassets */ = {isa = PBXFileReference; lastKnownFileType = folder.assetcatalog; path = Assets.xcassets; sourceTree = "<group>"; };
		1327607F2B79E1ED005DF9E8 /* Preview Assets.xcassets */ = {isa = PBXFileReference; lastKnownFileType = folder.assetcatalog; path = "Preview Assets.xcassets"; sourceTree = "<group>"; };
		132760892B79E6FC005DF9E8 /* BodyCaptureView.swift */ = {isa = PBXFileReference; lastKnownFileType = sourcecode.swift; path = BodyCaptureView.swift; sourceTree = "<group>"; };
		1327608B2B79EAC6005DF9E8 /* Activity.swift */ = {isa = PBXFileReference; lastKnownFileType = sourcecode.swift; path = Activity.swift; sourceTree = "<group>"; };
		1327608D2B79EF29005DF9E8 /* ARKitBridge.swift */ = {isa = PBXFileReference; lastKnownFileType = sourcecode.swift; path = ARKitBridge.swift; sourceTree = "<group>"; };
		1327608F2B79F045005DF9E8 /* Localizable.xcstrings */ = {isa = PBXFileReference; lastKnownFileType = text.json.xcstrings; path = Localizable.xcstrings; sourceTree = "<group>"; };
		132760942B79F278005DF9E8 /* BuildSettings.xcconfig */ = {isa = PBXFileReference; fileEncoding = 4; lastKnownFileType = text.xcconfig; path = BuildSettings.xcconfig; sourceTree = "<group>"; };
		135205E62B95AE82008FC9CE /* ModelNavigation.swift */ = {isa = PBXFileReference; lastKnownFileType = sourcecode.swift; path = ModelNavigation.swift; sourceTree = "<group>"; };
		135205E82B95B0E6008FC9CE /* monkey.scn */ = {isa = PBXFileReference; lastKnownFileType = file.bplist; path = monkey.scn; sourceTree = "<group>"; };
		135205EA2B96B5B9008FC9CE /* SceneKitBridge.swift */ = {isa = PBXFileReference; lastKnownFileType = sourcecode.swift; path = SceneKitBridge.swift; sourceTree = "<group>"; };
		135205ED2B96B9EC008FC9CE /* PageItem.swift */ = {isa = PBXFileReference; lastKnownFileType = sourcecode.swift; path = PageItem.swift; sourceTree = "<group>"; };
		13BEB3442B79FDE30083BDD0 /* RootNavigation.swift */ = {isa = PBXFileReference; lastKnownFileType = sourcecode.swift; path = RootNavigation.swift; sourceTree = "<group>"; };
		13BEB3472B7A0CDD0083BDD0 /* CaptureVision.entitlements */ = {isa = PBXFileReference; lastKnownFileType = text.plist.entitlements; path = CaptureVision.entitlements; sourceTree = "<group>"; };
/* End PBXFileReference section */

/* Begin PBXFrameworksBuildPhase section */
		132760722B79E1EC005DF9E8 /* Frameworks */ = {
			isa = PBXFrameworksBuildPhase;
			buildActionMask = 2147483647;
			files = (
			);
			runOnlyForDeploymentPostprocessing = 0;
		};
/* End PBXFrameworksBuildPhase section */

/* Begin PBXGroup section */
		1327606C2B79E1EC005DF9E8 = {
			isa = PBXGroup;
			children = (
				132760942B79F278005DF9E8 /* BuildSettings.xcconfig */,
				132760772B79E1EC005DF9E8 /* CaptureVision */,
				132760762B79E1EC005DF9E8 /* Products */,
			);
			sourceTree = "<group>";
		};
		132760762B79E1EC005DF9E8 /* Products */ = {
			isa = PBXGroup;
			children = (
				132760752B79E1EC005DF9E8 /* CaptureVision.app */,
			);
			name = Products;
			sourceTree = "<group>";
		};
		132760772B79E1EC005DF9E8 /* CaptureVision */ = {
			isa = PBXGroup;
			children = (
				13BEB3472B7A0CDD0083BDD0 /* CaptureVision.entitlements */,
				1327608B2B79EAC6005DF9E8 /* Activity.swift */,
				132760782B79E1EC005DF9E8 /* App.swift */,
				13BEB3442B79FDE30083BDD0 /* RootNavigation.swift */,
				135205EC2B96B9DF008FC9CE /* Entity */,
				132760882B79E6EA005DF9E8 /* BodyCapture */,
				135205E52B95AE54008FC9CE /* Model */,
				1327607C2B79E1ED005DF9E8 /* Assets.xcassets */,
				135205E82B95B0E6008FC9CE /* monkey.scn */,
				1327608F2B79F045005DF9E8 /* Localizable.xcstrings */,
				1327607E2B79E1ED005DF9E8 /* Preview Content */,
			);
			path = CaptureVision;
			sourceTree = "<group>";
		};
		1327607E2B79E1ED005DF9E8 /* Preview Content */ = {
			isa = PBXGroup;
			children = (
				1327607F2B79E1ED005DF9E8 /* Preview Assets.xcassets */,
			);
			path = "Preview Content";
			sourceTree = "<group>";
		};
		132760882B79E6EA005DF9E8 /* BodyCapture */ = {
			isa = PBXGroup;
			children = (
				1327608D2B79EF29005DF9E8 /* ARKitBridge.swift */,
				132760892B79E6FC005DF9E8 /* BodyCaptureView.swift */,
			);
			path = BodyCapture;
			sourceTree = "<group>";
		};
		135205E52B95AE54008FC9CE /* Model */ = {
			isa = PBXGroup;
			children = (
				135205E62B95AE82008FC9CE /* ModelNavigation.swift */,
				135205EA2B96B5B9008FC9CE /* SceneKitBridge.swift */,
			);
			path = Model;
			sourceTree = "<group>";
		};
		135205EC2B96B9DF008FC9CE /* Entity */ = {
			isa = PBXGroup;
			children = (
				135205ED2B96B9EC008FC9CE /* PageItem.swift */,
			);
			path = Entity;
			sourceTree = "<group>";
		};
/* End PBXGroup section */

/* Begin PBXNativeTarget section */
		132760742B79E1EC005DF9E8 /* CaptureVision */ = {
			isa = PBXNativeTarget;
			buildConfigurationList = 132760832B79E1ED005DF9E8 /* Build configuration list for PBXNativeTarget "CaptureVision" */;
			buildPhases = (
				132760712B79E1EC005DF9E8 /* Sources */,
				132760722B79E1EC005DF9E8 /* Frameworks */,
				132760732B79E1EC005DF9E8 /* Resources */,
			);
			buildRules = (
			);
			dependencies = (
			);
			name = CaptureVision;
			productName = CaptureVision;
			productReference = 132760752B79E1EC005DF9E8 /* CaptureVision.app */;
			productType = "com.apple.product-type.application";
		};
/* End PBXNativeTarget section */

/* Begin PBXProject section */
		1327606D2B79E1EC005DF9E8 /* Project object */ = {
			isa = PBXProject;
			attributes = {
				BuildIndependentTargetsInParallel = 1;
				LastSwiftUpdateCheck = 1530;
				LastUpgradeCheck = 1530;
				TargetAttributes = {
					132760742B79E1EC005DF9E8 = {
						CreatedOnToolsVersion = 15.3;
					};
				};
			};
			buildConfigurationList = 132760702B79E1EC005DF9E8 /* Build configuration list for PBXProject "CaptureVision" */;
			compatibilityVersion = "Xcode 14.0";
			developmentRegion = en;
			hasScannedForEncodings = 0;
			knownRegions = (
				en,
				Base,
				ja,
			);
			mainGroup = 1327606C2B79E1EC005DF9E8;
			productRefGroup = 132760762B79E1EC005DF9E8 /* Products */;
			projectDirPath = "";
			projectRoot = "";
			targets = (
				132760742B79E1EC005DF9E8 /* CaptureVision */,
			);
		};
/* End PBXProject section */

/* Begin PBXResourcesBuildPhase section */
		132760732B79E1EC005DF9E8 /* Resources */ = {
			isa = PBXResourcesBuildPhase;
			buildActionMask = 2147483647;
			files = (
				132760802B79E1ED005DF9E8 /* Preview Assets.xcassets in Resources */,
				1327607D2B79E1ED005DF9E8 /* Assets.xcassets in Resources */,
				135205E92B95B0E6008FC9CE /* monkey.scn in Resources */,
				132760952B79F278005DF9E8 /* BuildSettings.xcconfig in Resources */,
				132760902B79F045005DF9E8 /* Localizable.xcstrings in Resources */,
			);
			runOnlyForDeploymentPostprocessing = 0;
		};
/* End PBXResourcesBuildPhase section */

/* Begin PBXSourcesBuildPhase section */
		132760712B79E1EC005DF9E8 /* Sources */ = {
			isa = PBXSourcesBuildPhase;
			buildActionMask = 2147483647;
			files = (
				13BEB3452B79FDE30083BDD0 /* RootNavigation.swift in Sources */,
				1327608E2B79EF29005DF9E8 /* ARKitBridge.swift in Sources */,
				135205EB2B96B5B9008FC9CE /* SceneKitBridge.swift in Sources */,
				1327608C2B79EAC6005DF9E8 /* Activity.swift in Sources */,
				135205E72B95AE82008FC9CE /* ModelNavigation.swift in Sources */,
				135205EE2B96B9EC008FC9CE /* PageItem.swift in Sources */,
				132760792B79E1EC005DF9E8 /* App.swift in Sources */,
				1327608A2B79E6FC005DF9E8 /* BodyCaptureView.swift in Sources */,
			);
			runOnlyForDeploymentPostprocessing = 0;
		};
/* End PBXSourcesBuildPhase section */

/* Begin XCBuildConfiguration section */
		132760812B79E1ED005DF9E8 /* Debug */ = {
			isa = XCBuildConfiguration;
			baseConfigurationReference = 132760942B79F278005DF9E8 /* BuildSettings.xcconfig */;
			buildSettings = {
				ALWAYS_SEARCH_USER_PATHS = NO;
				ASSETCATALOG_COMPILER_GENERATE_SWIFT_ASSET_SYMBOL_EXTENSIONS = YES;
				CLANG_ANALYZER_NONNULL = YES;
				CLANG_ANALYZER_NUMBER_OBJECT_CONVERSION = YES_AGGRESSIVE;
				CLANG_CXX_LANGUAGE_STANDARD = "gnu++20";
				CLANG_ENABLE_MODULES = YES;
				CLANG_ENABLE_OBJC_ARC = YES;
				CLANG_ENABLE_OBJC_WEAK = YES;
				CLANG_WARN_BLOCK_CAPTURE_AUTORELEASING = YES;
				CLANG_WARN_BOOL_CONVERSION = YES;
				CLANG_WARN_COMMA = YES;
				CLANG_WARN_CONSTANT_CONVERSION = YES;
				CLANG_WARN_DEPRECATED_OBJC_IMPLEMENTATIONS = YES;
				CLANG_WARN_DIRECT_OBJC_ISA_USAGE = YES_ERROR;
				CLANG_WARN_DOCUMENTATION_COMMENTS = YES;
				CLANG_WARN_EMPTY_BODY = YES;
				CLANG_WARN_ENUM_CONVERSION = YES;
				CLANG_WARN_INFINITE_RECURSION = YES;
				CLANG_WARN_INT_CONVERSION = YES;
				CLANG_WARN_NON_LITERAL_NULL_CONVERSION = YES;
				CLANG_WARN_OBJC_IMPLICIT_RETAIN_SELF = YES;
				CLANG_WARN_OBJC_LITERAL_CONVERSION = YES;
				CLANG_WARN_OBJC_ROOT_CLASS = YES_ERROR;
				CLANG_WARN_QUOTED_INCLUDE_IN_FRAMEWORK_HEADER = YES;
				CLANG_WARN_RANGE_LOOP_ANALYSIS = YES;
				CLANG_WARN_STRICT_PROTOTYPES = YES;
				CLANG_WARN_SUSPICIOUS_MOVE = YES;
				CLANG_WARN_UNGUARDED_AVAILABILITY = YES_AGGRESSIVE;
				CLANG_WARN_UNREACHABLE_CODE = YES;
				CLANG_WARN__DUPLICATE_METHOD_MATCH = YES;
				COPY_PHASE_STRIP = NO;
				DEBUG_INFORMATION_FORMAT = dwarf;
				ENABLE_STRICT_OBJC_MSGSEND = YES;
				ENABLE_TESTABILITY = YES;
				ENABLE_USER_SCRIPT_SANDBOXING = YES;
				GCC_C_LANGUAGE_STANDARD = gnu17;
				GCC_DYNAMIC_NO_PIC = NO;
				GCC_NO_COMMON_BLOCKS = YES;
				GCC_OPTIMIZATION_LEVEL = 0;
				GCC_PREPROCESSOR_DEFINITIONS = (
					"DEBUG=1",
					"$(inherited)",
				);
				GCC_WARN_64_TO_32_BIT_CONVERSION = YES;
				GCC_WARN_ABOUT_RETURN_TYPE = YES_ERROR;
				GCC_WARN_UNDECLARED_SELECTOR = YES;
				GCC_WARN_UNINITIALIZED_AUTOS = YES_AGGRESSIVE;
				GCC_WARN_UNUSED_FUNCTION = YES;
				GCC_WARN_UNUSED_VARIABLE = YES;
				IPHONEOS_DEPLOYMENT_TARGET = 17.4;
				LOCALIZATION_PREFERS_STRING_CATALOGS = YES;
				MTL_ENABLE_DEBUG_INFO = INCLUDE_SOURCE;
				MTL_FAST_MATH = YES;
				ONLY_ACTIVE_ARCH = YES;
				SDKROOT = iphoneos;
				SWIFT_ACTIVE_COMPILATION_CONDITIONS = "DEBUG $(inherited)";
				SWIFT_OPTIMIZATION_LEVEL = "-Onone";
			};
			name = Debug;
		};
		132760822B79E1ED005DF9E8 /* Release */ = {
			isa = XCBuildConfiguration;
			baseConfigurationReference = 132760942B79F278005DF9E8 /* BuildSettings.xcconfig */;
			buildSettings = {
				ALWAYS_SEARCH_USER_PATHS = NO;
				ASSETCATALOG_COMPILER_GENERATE_SWIFT_ASSET_SYMBOL_EXTENSIONS = YES;
				CLANG_ANALYZER_NONNULL = YES;
				CLANG_ANALYZER_NUMBER_OBJECT_CONVERSION = YES_AGGRESSIVE;
				CLANG_CXX_LANGUAGE_STANDARD = "gnu++20";
				CLANG_ENABLE_MODULES = YES;
				CLANG_ENABLE_OBJC_ARC = YES;
				CLANG_ENABLE_OBJC_WEAK = YES;
				CLANG_WARN_BLOCK_CAPTURE_AUTORELEASING = YES;
				CLANG_WARN_BOOL_CONVERSION = YES;
				CLANG_WARN_COMMA = YES;
				CLANG_WARN_CONSTANT_CONVERSION = YES;
				CLANG_WARN_DEPRECATED_OBJC_IMPLEMENTATIONS = YES;
				CLANG_WARN_DIRECT_OBJC_ISA_USAGE = YES_ERROR;
				CLANG_WARN_DOCUMENTATION_COMMENTS = YES;
				CLANG_WARN_EMPTY_BODY = YES;
				CLANG_WARN_ENUM_CONVERSION = YES;
				CLANG_WARN_INFINITE_RECURSION = YES;
				CLANG_WARN_INT_CONVERSION = YES;
				CLANG_WARN_NON_LITERAL_NULL_CONVERSION = YES;
				CLANG_WARN_OBJC_IMPLICIT_RETAIN_SELF = YES;
				CLANG_WARN_OBJC_LITERAL_CONVERSION = YES;
				CLANG_WARN_OBJC_ROOT_CLASS = YES_ERROR;
				CLANG_WARN_QUOTED_INCLUDE_IN_FRAMEWORK_HEADER = YES;
				CLANG_WARN_RANGE_LOOP_ANALYSIS = YES;
				CLANG_WARN_STRICT_PROTOTYPES = YES;
				CLANG_WARN_SUSPICIOUS_MOVE = YES;
				CLANG_WARN_UNGUARDED_AVAILABILITY = YES_AGGRESSIVE;
				CLANG_WARN_UNREACHABLE_CODE = YES;
				CLANG_WARN__DUPLICATE_METHOD_MATCH = YES;
				COPY_PHASE_STRIP = NO;
				DEBUG_INFORMATION_FORMAT = "dwarf-with-dsym";
				ENABLE_NS_ASSERTIONS = NO;
				ENABLE_STRICT_OBJC_MSGSEND = YES;
				ENABLE_USER_SCRIPT_SANDBOXING = YES;
				GCC_C_LANGUAGE_STANDARD = gnu17;
				GCC_NO_COMMON_BLOCKS = YES;
				GCC_WARN_64_TO_32_BIT_CONVERSION = YES;
				GCC_WARN_ABOUT_RETURN_TYPE = YES_ERROR;
				GCC_WARN_UNDECLARED_SELECTOR = YES;
				GCC_WARN_UNINITIALIZED_AUTOS = YES_AGGRESSIVE;
				GCC_WARN_UNUSED_FUNCTION = YES;
				GCC_WARN_UNUSED_VARIABLE = YES;
				IPHONEOS_DEPLOYMENT_TARGET = 17.4;
				LOCALIZATION_PREFERS_STRING_CATALOGS = YES;
				MTL_ENABLE_DEBUG_INFO = NO;
				MTL_FAST_MATH = YES;
				SDKROOT = iphoneos;
				SWIFT_COMPILATION_MODE = wholemodule;
				VALIDATE_PRODUCT = YES;
			};
			name = Release;
		};
		132760842B79E1ED005DF9E8 /* Debug */ = {
			isa = XCBuildConfiguration;
			buildSettings = {
				ASSETCATALOG_COMPILER_APPICON_NAME = AppIcon;
				ASSETCATALOG_COMPILER_GLOBAL_ACCENT_COLOR_NAME = AccentColor;
				CODE_SIGN_ENTITLEMENTS = CaptureVision/CaptureVision.entitlements;
				CODE_SIGN_STYLE = Automatic;
				CURRENT_PROJECT_VERSION = 1;
				DEVELOPMENT_ASSET_PATHS = "\"CaptureVision/Preview Content\"";
				DEVELOPMENT_TEAM = VG2YYSKSHY;
				ENABLE_PREVIEWS = YES;
				GENERATE_INFOPLIST_FILE = YES;
				INFOPLIST_KEY_UIApplicationSceneManifest_Generation = YES;
				INFOPLIST_KEY_UIApplicationSupportsIndirectInputEvents = YES;
				INFOPLIST_KEY_UILaunchScreen_Generation = YES;
				INFOPLIST_KEY_UISupportedInterfaceOrientations_iPad = "UIInterfaceOrientationPortrait UIInterfaceOrientationPortraitUpsideDown UIInterfaceOrientationLandscapeLeft UIInterfaceOrientationLandscapeRight";
				INFOPLIST_KEY_UISupportedInterfaceOrientations_iPhone = "UIInterfaceOrientationPortrait UIInterfaceOrientationLandscapeLeft UIInterfaceOrientationLandscapeRight";
				LD_RUNPATH_SEARCH_PATHS = (
					"$(inherited)",
					"@executable_path/Frameworks",
				);
				MARKETING_VERSION = 1.0;
				PRODUCT_BUNDLE_IDENTIFIER = jp.mzp.CaptureVision;
				PRODUCT_NAME = "$(TARGET_NAME)";
				SUPPORTED_PLATFORMS = "iphoneos iphonesimulator";
				SUPPORTS_MACCATALYST = YES;
				SWIFT_EMIT_LOC_STRINGS = YES;
				SWIFT_VERSION = 5.0;
				TARGETED_DEVICE_FAMILY = "1,2";
			};
			name = Debug;
		};
		132760852B79E1ED005DF9E8 /* Release */ = {
			isa = XCBuildConfiguration;
			buildSettings = {
				ASSETCATALOG_COMPILER_APPICON_NAME = AppIcon;
				ASSETCATALOG_COMPILER_GLOBAL_ACCENT_COLOR_NAME = AccentColor;
				CODE_SIGN_ENTITLEMENTS = CaptureVision/CaptureVision.entitlements;
				CODE_SIGN_STYLE = Automatic;
				CURRENT_PROJECT_VERSION = 1;
				DEVELOPMENT_ASSET_PATHS = "\"CaptureVision/Preview Content\"";
				DEVELOPMENT_TEAM = VG2YYSKSHY;
				ENABLE_PREVIEWS = YES;
				GENERATE_INFOPLIST_FILE = YES;
				INFOPLIST_KEY_UIApplicationSceneManifest_Generation = YES;
				INFOPLIST_KEY_UIApplicationSupportsIndirectInputEvents = YES;
				INFOPLIST_KEY_UILaunchScreen_Generation = YES;
				INFOPLIST_KEY_UISupportedInterfaceOrientations_iPad = "UIInterfaceOrientationPortrait UIInterfaceOrientationPortraitUpsideDown UIInterfaceOrientationLandscapeLeft UIInterfaceOrientationLandscapeRight";
				INFOPLIST_KEY_UISupportedInterfaceOrientations_iPhone = "UIInterfaceOrientationPortrait UIInterfaceOrientationLandscapeLeft UIInterfaceOrientationLandscapeRight";
				LD_RUNPATH_SEARCH_PATHS = (
					"$(inherited)",
					"@executable_path/Frameworks",
				);
				MARKETING_VERSION = 1.0;
				PRODUCT_BUNDLE_IDENTIFIER = jp.mzp.CaptureVision;
				PRODUCT_NAME = "$(TARGET_NAME)";
				SUPPORTED_PLATFORMS = "iphoneos iphonesimulator";
				SUPPORTS_MACCATALYST = YES;
				SWIFT_EMIT_LOC_STRINGS = YES;
				SWIFT_VERSION = 5.0;
				TARGETED_DEVICE_FAMILY = "1,2";
			};
			name = Release;
		};
/* End XCBuildConfiguration section */

/* Begin XCConfigurationList section */
		132760702B79E1EC005DF9E8 /* Build configuration list for PBXProject "CaptureVision" */ = {
			isa = XCConfigurationList;
			buildConfigurations = (
				132760812B79E1ED005DF9E8 /* Debug */,
				132760822B79E1ED005DF9E8 /* Release */,
			);
			defaultConfigurationIsVisible = 0;
			defaultConfigurationName = Release;
		};
		132760832B79E1ED005DF9E8 /* Build configuration list for PBXNativeTarget "CaptureVision" */ = {
			isa = XCConfigurationList;
			buildConfigurations = (
				132760842B79E1ED005DF9E8 /* Debug */,
				132760852B79E1ED005DF9E8 /* Release */,
			);
			defaultConfigurationIsVisible = 0;
			defaultConfigurationName = Release;
		};
/* End XCConfigurationList section */
	};
	rootObject = 1327606D2B79E1EC005DF9E8 /* Project object */;
}
